
Microsoft Visual Studio Solution File, Format Version 12.00
# Visual Studio Version 17
VisualStudioVersion = 17.7.34221.43
MinimumVisualStudioVersion = 10.0.40219.1
Project("{FAE04EC0-301F-11D3-BF4B-00C04F79EFBC}") = "WebApplication1", "WebApplication1\WebApplication1.csproj", "{4391933A-070D-4395-B3EF-BED3226C2060}"
EndProject
Global
	GlobalSection(SolutionConfigurationPlatforms) = preSolution
		Debug|Any CPU = Debug|Any CPU
		Release|Any CPU = Release|Any CPU
	EndGlobalSection
	GlobalSection(ProjectConfigurationPlatforms) = postSolution
		{4391933A-070D-4395-B3EF-BED3226C2060}.Debug|Any CPU.ActiveCfg = Debug|Any CPU
		{4391933A-070D-4395-B3EF-BED3226C2060}.Debug|Any CPU.Build.0 = Debug|Any CPU
		{4391933A-070D-4395-B3EF-BED3226C2060}.Release|Any CPU.ActiveCfg = Release|Any CPU
		{4391933A-070D-4395-B3EF-BED3226C2060}.Release|Any CPU.Build.0 = Release|Any CPU
	EndGlobalSection
	GlobalSection(SolutionProperties) = preSolution
		HideSolutionNode = FALSE
	EndGlobalSection
	GlobalSection(ExtensibilityGlobals) = postSolution
		SolutionGuid = {3151F5A0-E133-476C-8F3F-ED26F2A9C881}
	EndGlobalSection
EndGlobal
